// !$*UTF8*$!
{
	archiveVersion = 1;
	classes = {
	};
	objectVersion = 56;
	objects = {

/* Begin PBXBuildFile section */
		6B507F372A3515ED006EDEDD /* WorkoutRep.swift in Sources */ = {isa = PBXBuildFile; fileRef = 6B507F362A3515ED006EDEDD /* WorkoutRep.swift */; };
		6B507F392A3516AD006EDEDD /* StepsCircle.swift in Sources */ = {isa = PBXBuildFile; fileRef = 6B507F382A3516AD006EDEDD /* StepsCircle.swift */; };
		6BB028092A34157200AC1711 /* SwiftUICharts in Frameworks */ = {isa = PBXBuildFile; productRef = 6BB028082A34157200AC1711 /* SwiftUICharts */; };
		6BE164DC2A3400000070A75C /* tiempo-poc Watch App.app in Embed Watch Content */ = {isa = PBXBuildFile; fileRef = 6BE164DB2A3400000070A75C /* tiempo-poc Watch App.app */; settings = {ATTRIBUTES = (RemoveHeadersOnCopy, ); }; };
		6BE164E12A3400000070A75C /* tiempo_pocApp.swift in Sources */ = {isa = PBXBuildFile; fileRef = 6BE164E02A3400000070A75C /* tiempo_pocApp.swift */; };
		6BE164E32A3400000070A75C /* ContentView.swift in Sources */ = {isa = PBXBuildFile; fileRef = 6BE164E22A3400000070A75C /* ContentView.swift */; };
		6BE164E52A3400010070A75C /* Assets.xcassets in Resources */ = {isa = PBXBuildFile; fileRef = 6BE164E42A3400010070A75C /* Assets.xcassets */; };
		6BE164E82A3400010070A75C /* Preview Assets.xcassets in Resources */ = {isa = PBXBuildFile; fileRef = 6BE164E72A3400010070A75C /* Preview Assets.xcassets */; };
/* End PBXBuildFile section */

/* Begin PBXContainerItemProxy section */
		6BE164DD2A3400000070A75C /* PBXContainerItemProxy */ = {
			isa = PBXContainerItemProxy;
			containerPortal = 6BE164CF2A3400000070A75C /* Project object */;
			proxyType = 1;
			remoteGlobalIDString = 6BE164DA2A3400000070A75C;
			remoteInfo = "tiempo-poc Watch App";
		};
/* End PBXContainerItemProxy section */

/* Begin PBXCopyFilesBuildPhase section */
		6BE164EE2A3400010070A75C /* Embed Watch Content */ = {
			isa = PBXCopyFilesBuildPhase;
			buildActionMask = 2147483647;
			dstPath = "$(CONTENTS_FOLDER_PATH)/Watch";
			dstSubfolderSpec = 16;
			files = (
				6BE164DC2A3400000070A75C /* tiempo-poc Watch App.app in Embed Watch Content */,
			);
			name = "Embed Watch Content";
			runOnlyForDeploymentPostprocessing = 0;
		};
/* End PBXCopyFilesBuildPhase section */

/* Begin PBXFileReference section */
		6B507F362A3515ED006EDEDD /* WorkoutRep.swift */ = {isa = PBXFileReference; lastKnownFileType = sourcecode.swift; path = WorkoutRep.swift; sourceTree = "<group>"; };
		6B507F382A3516AD006EDEDD /* StepsCircle.swift */ = {isa = PBXFileReference; lastKnownFileType = sourcecode.swift; path = StepsCircle.swift; sourceTree = "<group>"; };
		6BE164D52A3400000070A75C /* tiempo-poc.app */ = {isa = PBXFileReference; explicitFileType = wrapper.application; includeInIndex = 0; path = "tiempo-poc.app"; sourceTree = BUILT_PRODUCTS_DIR; };
		6BE164DB2A3400000070A75C /* tiempo-poc Watch App.app */ = {isa = PBXFileReference; explicitFileType = wrapper.application; includeInIndex = 0; path = "tiempo-poc Watch App.app"; sourceTree = BUILT_PRODUCTS_DIR; };
		6BE164E02A3400000070A75C /* tiempo_pocApp.swift */ = {isa = PBXFileReference; lastKnownFileType = sourcecode.swift; path = tiempo_pocApp.swift; sourceTree = "<group>"; };
		6BE164E22A3400000070A75C /* ContentView.swift */ = {isa = PBXFileReference; lastKnownFileType = sourcecode.swift; path = ContentView.swift; sourceTree = "<group>"; };
		6BE164E42A3400010070A75C /* Assets.xcassets */ = {isa = PBXFileReference; lastKnownFileType = folder.assetcatalog; path = Assets.xcassets; sourceTree = "<group>"; };
		6BE164E72A3400010070A75C /* Preview Assets.xcassets */ = {isa = PBXFileReference; lastKnownFileType = folder.assetcatalog; path = "Preview Assets.xcassets"; sourceTree = "<group>"; };
/* End PBXFileReference section */

/* Begin PBXFrameworksBuildPhase section */
		6BE164D82A3400000070A75C /* Frameworks */ = {
			isa = PBXFrameworksBuildPhase;
			buildActionMask = 2147483647;
			files = (
				6BB028092A34157200AC1711 /* SwiftUICharts in Frameworks */,
			);
			runOnlyForDeploymentPostprocessing = 0;
		};
/* End PBXFrameworksBuildPhase section */

/* Begin PBXGroup section */
		6B507F322A3513FF006EDEDD /* Components */ = {
			isa = PBXGroup;
			children = (
				6B507F382A3516AD006EDEDD /* StepsCircle.swift */,
			);
			path = Components;
			sourceTree = "<group>";
		};
		6B507F352A3515D4006EDEDD /* Models */ = {
			isa = PBXGroup;
			children = (
				6B507F362A3515ED006EDEDD /* WorkoutRep.swift */,
			);
			path = Models;
			sourceTree = "<group>";
		};
		6BE164CE2A3400000070A75C = {
			isa = PBXGroup;
			children = (
				6BE164DF2A3400000070A75C /* tiempo-poc Watch App */,
				6BE164D62A3400000070A75C /* Products */,
			);
			sourceTree = "<group>";
		};
		6BE164D62A3400000070A75C /* Products */ = {
			isa = PBXGroup;
			children = (
				6BE164D52A3400000070A75C /* tiempo-poc.app */,
				6BE164DB2A3400000070A75C /* tiempo-poc Watch App.app */,
			);
			name = Products;
			sourceTree = "<group>";
		};
		6BE164DF2A3400000070A75C /* tiempo-poc Watch App */ = {
			isa = PBXGroup;
			children = (
				6B507F352A3515D4006EDEDD /* Models */,
				6BF7FF9F2A34FF6500F23740 /* Views */,
				6BE164E02A3400000070A75C /* tiempo_pocApp.swift */,
				6BE164E42A3400010070A75C /* Assets.xcassets */,
				6BE164E62A3400010070A75C /* Preview Content */,
			);
			path = "tiempo-poc Watch App";
			sourceTree = "<group>";
		};
		6BE164E62A3400010070A75C /* Preview Content */ = {
			isa = PBXGroup;
			children = (
				6BE164E72A3400010070A75C /* Preview Assets.xcassets */,
			);
			path = "Preview Content";
			sourceTree = "<group>";
		};
		6BF7FF9F2A34FF6500F23740 /* Views */ = {
			isa = PBXGroup;
			children = (
				6B507F322A3513FF006EDEDD /* Components */,
				6BE164E22A3400000070A75C /* ContentView.swift */,
			);
			path = Views;
			sourceTree = "<group>";
		};
/* End PBXGroup section */

/* Begin PBXNativeTarget section */
		6BE164D42A3400000070A75C /* tiempo-poc */ = {
			isa = PBXNativeTarget;
			buildConfigurationList = 6BE164EF2A3400010070A75C /* Build configuration list for PBXNativeTarget "tiempo-poc" */;
			buildPhases = (
				6BE164D32A3400000070A75C /* Resources */,
				6BE164EE2A3400010070A75C /* Embed Watch Content */,
			);
			buildRules = (
			);
			dependencies = (
				6BE164DE2A3400000070A75C /* PBXTargetDependency */,
			);
			name = "tiempo-poc";
			productName = "tiempo-poc";
			productReference = 6BE164D52A3400000070A75C /* tiempo-poc.app */;
			productType = "com.apple.product-type.application.watchapp2-container";
		};
		6BE164DA2A3400000070A75C /* tiempo-poc Watch App */ = {
			isa = PBXNativeTarget;
			buildConfigurationList = 6BE164EB2A3400010070A75C /* Build configuration list for PBXNativeTarget "tiempo-poc Watch App" */;
			buildPhases = (
				6BE164D72A3400000070A75C /* Sources */,
				6BE164D82A3400000070A75C /* Frameworks */,
				6BE164D92A3400000070A75C /* Resources */,
			);
			buildRules = (
			);
			dependencies = (
			);
			name = "tiempo-poc Watch App";
			packageProductDependencies = (
				6BB028082A34157200AC1711 /* SwiftUICharts */,
			);
			productName = "tiempo-poc Watch App";
			productReference = 6BE164DB2A3400000070A75C /* tiempo-poc Watch App.app */;
			productType = "com.apple.product-type.application";
		};
/* End PBXNativeTarget section */

/* Begin PBXProject section */
		6BE164CF2A3400000070A75C /* Project object */ = {
			isa = PBXProject;
			attributes = {
				BuildIndependentTargetsInParallel = 1;
				LastSwiftUpdateCheck = 1500;
				LastUpgradeCheck = 1500;
				TargetAttributes = {
					6BE164D42A3400000070A75C = {
						CreatedOnToolsVersion = 15.0;
					};
					6BE164DA2A3400000070A75C = {
						CreatedOnToolsVersion = 15.0;
					};
				};
			};
			buildConfigurationList = 6BE164D22A3400000070A75C /* Build configuration list for PBXProject "tiempo-poc" */;
			compatibilityVersion = "Xcode 14.0";
			developmentRegion = en;
			hasScannedForEncodings = 0;
			knownRegions = (
				en,
				Base,
			);
			mainGroup = 6BE164CE2A3400000070A75C;
			packageReferences = (
				6BB028072A34157200AC1711 /* XCRemoteSwiftPackageReference "ChartView" */,
			);
			productRefGroup = 6BE164D62A3400000070A75C /* Products */;
			projectDirPath = "";
			projectRoot = "";
			targets = (
				6BE164D42A3400000070A75C /* tiempo-poc */,
				6BE164DA2A3400000070A75C /* tiempo-poc Watch App */,
			);
		};
/* End PBXProject section */

/* Begin PBXResourcesBuildPhase section */
		6BE164D32A3400000070A75C /* Resources */ = {
			isa = PBXResourcesBuildPhase;
			buildActionMask = 2147483647;
			files = (
			);
			runOnlyForDeploymentPostprocessing = 0;
		};
		6BE164D92A3400000070A75C /* Resources */ = {
			isa = PBXResourcesBuildPhase;
			buildActionMask = 2147483647;
			files = (
				6BE164E82A3400010070A75C /* Preview Assets.xcassets in Resources */,
				6BE164E52A3400010070A75C /* Assets.xcassets in Resources */,
			);
			runOnlyForDeploymentPostprocessing = 0;
		};
/* End PBXResourcesBuildPhase section */

/* Begin PBXSourcesBuildPhase section */
		6BE164D72A3400000070A75C /* Sources */ = {
			isa = PBXSourcesBuildPhase;
			buildActionMask = 2147483647;
			files = (
				6B507F392A3516AD006EDEDD /* StepsCircle.swift in Sources */,
				6B507F372A3515ED006EDEDD /* WorkoutRep.swift in Sources */,
				6BE164E32A3400000070A75C /* ContentView.swift in Sources */,
				6BE164E12A3400000070A75C /* tiempo_pocApp.swift in Sources */,
			);
			runOnlyForDeploymentPostprocessing = 0;
		};
/* End PBXSourcesBuildPhase section */

/* Begin PBXTargetDependency section */
		6BE164DE2A3400000070A75C /* PBXTargetDependency */ = {
			isa = PBXTargetDependency;
			target = 6BE164DA2A3400000070A75C /* tiempo-poc Watch App */;
			targetProxy = 6BE164DD2A3400000070A75C /* PBXContainerItemProxy */;
		};
/* End PBXTargetDependency section */

/* Begin XCBuildConfiguration section */
		6BE164E92A3400010070A75C /* Debug */ = {
			isa = XCBuildConfiguration;
			buildSettings = {
				ALWAYS_SEARCH_USER_PATHS = NO;
				ASSETCATALOG_COMPILER_GENERATE_SWIFT_ASSET_SYMBOL_EXTENSIONS = YES;
				CLANG_ANALYZER_NONNULL = YES;
				CLANG_ANALYZER_NUMBER_OBJECT_CONVERSION = YES_AGGRESSIVE;
				CLANG_CXX_LANGUAGE_STANDARD = "gnu++20";
				CLANG_ENABLE_MODULES = YES;
				CLANG_ENABLE_OBJC_ARC = YES;
				CLANG_ENABLE_OBJC_WEAK = YES;
				CLANG_WARN_BLOCK_CAPTURE_AUTORELEASING = YES;
				CLANG_WARN_BOOL_CONVERSION = YES;
				CLANG_WARN_COMMA = YES;
				CLANG_WARN_CONSTANT_CONVERSION = YES;
				CLANG_WARN_DEPRECATED_OBJC_IMPLEMENTATIONS = YES;
				CLANG_WARN_DIRECT_OBJC_ISA_USAGE = YES_ERROR;
				CLANG_WARN_DOCUMENTATION_COMMENTS = YES;
				CLANG_WARN_EMPTY_BODY = YES;
				CLANG_WARN_ENUM_CONVERSION = YES;
				CLANG_WARN_INFINITE_RECURSION = YES;
				CLANG_WARN_INT_CONVERSION = YES;
				CLANG_WARN_NON_LITERAL_NULL_CONVERSION = YES;
				CLANG_WARN_OBJC_IMPLICIT_RETAIN_SELF = YES;
				CLANG_WARN_OBJC_LITERAL_CONVERSION = YES;
				CLANG_WARN_OBJC_ROOT_CLASS = YES_ERROR;
				CLANG_WARN_QUOTED_INCLUDE_IN_FRAMEWORK_HEADER = YES;
				CLANG_WARN_RANGE_LOOP_ANALYSIS = YES;
				CLANG_WARN_STRICT_PROTOTYPES = YES;
				CLANG_WARN_SUSPICIOUS_MOVE = YES;
				CLANG_WARN_UNGUARDED_AVAILABILITY = YES_AGGRESSIVE;
				CLANG_WARN_UNREACHABLE_CODE = YES;
				CLANG_WARN__DUPLICATE_METHOD_MATCH = YES;
				COPY_PHASE_STRIP = NO;
				DEBUG_INFORMATION_FORMAT = dwarf;
				ENABLE_STRICT_OBJC_MSGSEND = YES;
				ENABLE_TESTABILITY = YES;
				ENABLE_USER_SCRIPT_SANDBOXING = YES;
				GCC_C_LANGUAGE_STANDARD = gnu17;
				GCC_DYNAMIC_NO_PIC = NO;
				GCC_NO_COMMON_BLOCKS = YES;
				GCC_OPTIMIZATION_LEVEL = 0;
				GCC_PREPROCESSOR_DEFINITIONS = (
					"DEBUG=1",
					"$(inherited)",
				);
				GCC_WARN_64_TO_32_BIT_CONVERSION = YES;
				GCC_WARN_ABOUT_RETURN_TYPE = YES_ERROR;
				GCC_WARN_UNDECLARED_SELECTOR = YES;
				GCC_WARN_UNINITIALIZED_AUTOS = YES_AGGRESSIVE;
				GCC_WARN_UNUSED_FUNCTION = YES;
				GCC_WARN_UNUSED_VARIABLE = YES;
				LOCALIZATION_PREFERS_STRING_CATALOGS = YES;
				MTL_ENABLE_DEBUG_INFO = INCLUDE_SOURCE;
				MTL_FAST_MATH = YES;
				ONLY_ACTIVE_ARCH = YES;
				SWIFT_ACTIVE_COMPILATION_CONDITIONS = "DEBUG $(inherited)";
				SWIFT_OPTIMIZATION_LEVEL = "-Onone";
			};
			name = Debug;
		};
		6BE164EA2A3400010070A75C /* Release */ = {
			isa = XCBuildConfiguration;
			buildSettings = {
				ALWAYS_SEARCH_USER_PATHS = NO;
				ASSETCATALOG_COMPILER_GENERATE_SWIFT_ASSET_SYMBOL_EXTENSIONS = YES;
				CLANG_ANALYZER_NONNULL = YES;
				CLANG_ANALYZER_NUMBER_OBJECT_CONVERSION = YES_AGGRESSIVE;
				CLANG_CXX_LANGUAGE_STANDARD = "gnu++20";
				CLANG_ENABLE_MODULES = YES;
				CLANG_ENABLE_OBJC_ARC = YES;
				CLANG_ENABLE_OBJC_WEAK = YES;
				CLANG_WARN_BLOCK_CAPTURE_AUTORELEASING = YES;
				CLANG_WARN_BOOL_CONVERSION = YES;
				CLANG_WARN_COMMA = YES;
				CLANG_WARN_CONSTANT_CONVERSION = YES;
				CLANG_WARN_DEPRECATED_OBJC_IMPLEMENTATIONS = YES;
				CLANG_WARN_DIRECT_OBJC_ISA_USAGE = YES_ERROR;
				CLANG_WARN_DOCUMENTATION_COMMENTS = YES;
				CLANG_WARN_EMPTY_BODY = YES;
				CLANG_WARN_ENUM_CONVERSION = YES;
				CLANG_WARN_INFINITE_RECURSION = YES;
				CLANG_WARN_INT_CONVERSION = YES;
				CLANG_WARN_NON_LITERAL_NULL_CONVERSION = YES;
				CLANG_WARN_OBJC_IMPLICIT_RETAIN_SELF = YES;
				CLANG_WARN_OBJC_LITERAL_CONVERSION = YES;
				CLANG_WARN_OBJC_ROOT_CLASS = YES_ERROR;
				CLANG_WARN_QUOTED_INCLUDE_IN_FRAMEWORK_HEADER = YES;
				CLANG_WARN_RANGE_LOOP_ANALYSIS = YES;
				CLANG_WARN_STRICT_PROTOTYPES = YES;
				CLANG_WARN_SUSPICIOUS_MOVE = YES;
				CLANG_WARN_UNGUARDED_AVAILABILITY = YES_AGGRESSIVE;
				CLANG_WARN_UNREACHABLE_CODE = YES;
				CLANG_WARN__DUPLICATE_METHOD_MATCH = YES;
				COPY_PHASE_STRIP = NO;
				DEBUG_INFORMATION_FORMAT = "dwarf-with-dsym";
				ENABLE_NS_ASSERTIONS = NO;
				ENABLE_STRICT_OBJC_MSGSEND = YES;
				ENABLE_USER_SCRIPT_SANDBOXING = YES;
				GCC_C_LANGUAGE_STANDARD = gnu17;
				GCC_NO_COMMON_BLOCKS = YES;
				GCC_WARN_64_TO_32_BIT_CONVERSION = YES;
				GCC_WARN_ABOUT_RETURN_TYPE = YES_ERROR;
				GCC_WARN_UNDECLARED_SELECTOR = YES;
				GCC_WARN_UNINITIALIZED_AUTOS = YES_AGGRESSIVE;
				GCC_WARN_UNUSED_FUNCTION = YES;
				GCC_WARN_UNUSED_VARIABLE = YES;
				LOCALIZATION_PREFERS_STRING_CATALOGS = YES;
				MTL_ENABLE_DEBUG_INFO = NO;
				MTL_FAST_MATH = YES;
				SWIFT_COMPILATION_MODE = wholemodule;
			};
			name = Release;
		};
		6BE164EC2A3400010070A75C /* Debug */ = {
			isa = XCBuildConfiguration;
			buildSettings = {
				ASSETCATALOG_COMPILER_APPICON_NAME = AppIcon;
				ASSETCATALOG_COMPILER_GLOBAL_ACCENT_COLOR_NAME = AccentColor;
				CODE_SIGN_IDENTITY = "Apple Development";
				CODE_SIGN_STYLE = Automatic;
				CURRENT_PROJECT_VERSION = 1;
				DEVELOPMENT_ASSET_PATHS = "\"tiempo-poc Watch App/Preview Content\"";
				DEVELOPMENT_TEAM = CUF2WSA7V7;
				ENABLE_PREVIEWS = YES;
				GENERATE_INFOPLIST_FILE = YES;
				INFOPLIST_KEY_CFBundleDisplayName = "tiempo-poc";
				INFOPLIST_KEY_UISupportedInterfaceOrientations = "UIInterfaceOrientationPortrait UIInterfaceOrientationPortraitUpsideDown";
				INFOPLIST_KEY_WKWatchOnly = YES;
				LD_RUNPATH_SEARCH_PATHS = (
					"$(inherited)",
					"@executable_path/Frameworks",
				);
				MARKETING_VERSION = 1.0;
				PRODUCT_BUNDLE_IDENTIFIER = "tiempo.tiempo-poc.watchkitapp";
				PRODUCT_NAME = "$(TARGET_NAME)";
				PROVISIONING_PROFILE_SPECIFIER = "";
				SDKROOT = watchos;
				SKIP_INSTALL = YES;
				SWIFT_EMIT_LOC_STRINGS = YES;
				SWIFT_VERSION = 5.0;
				TARGETED_DEVICE_FAMILY = 4;
				WATCHOS_DEPLOYMENT_TARGET = 10.0;
			};
			name = Debug;
		};
		6BE164ED2A3400010070A75C /* Release */ = {
			isa = XCBuildConfiguration;
			buildSettings = {
				ASSETCATALOG_COMPILER_APPICON_NAME = AppIcon;
				ASSETCATALOG_COMPILER_GLOBAL_ACCENT_COLOR_NAME = AccentColor;
				CODE_SIGN_IDENTITY = "Apple Development";
				CODE_SIGN_STYLE = Automatic;
				CURRENT_PROJECT_VERSION = 1;
				DEVELOPMENT_ASSET_PATHS = "\"tiempo-poc Watch App/Preview Content\"";
				DEVELOPMENT_TEAM = CUF2WSA7V7;
				ENABLE_PREVIEWS = YES;
				GENERATE_INFOPLIST_FILE = YES;
				INFOPLIST_KEY_CFBundleDisplayName = "tiempo-poc";
				INFOPLIST_KEY_UISupportedInterfaceOrientations = "UIInterfaceOrientationPortrait UIInterfaceOrientationPortraitUpsideDown";
				INFOPLIST_KEY_WKWatchOnly = YES;
				LD_RUNPATH_SEARCH_PATHS = (
					"$(inherited)",
					"@executable_path/Frameworks",
				);
				MARKETING_VERSION = 1.0;
				PRODUCT_BUNDLE_IDENTIFIER = "tiempo.tiempo-poc.watchkitapp";
				PRODUCT_NAME = "$(TARGET_NAME)";
				PROVISIONING_PROFILE_SPECIFIER = "";
				SDKROOT = watchos;
				SKIP_INSTALL = YES;
				SWIFT_EMIT_LOC_STRINGS = YES;
				SWIFT_VERSION = 5.0;
				TARGETED_DEVICE_FAMILY = 4;
				VALIDATE_PRODUCT = YES;
				WATCHOS_DEPLOYMENT_TARGET = 10.0;
			};
			name = Release;
		};
		6BE164F02A3400010070A75C /* Debug */ = {
			isa = XCBuildConfiguration;
			buildSettings = {
				ALWAYS_EMBED_SWIFT_STANDARD_LIBRARIES = YES;
				CODE_SIGN_IDENTITY = "Apple Development";
				CODE_SIGN_STYLE = Automatic;
				CURRENT_PROJECT_VERSION = 1;
				DEVELOPMENT_TEAM = CUF2WSA7V7;
				INFOPLIST_KEY_CFBundleDisplayName = "tiempo-poc";
				MARKETING_VERSION = 1.0;
				PRODUCT_BUNDLE_IDENTIFIER = "tiempo.tiempo-poc";
				PRODUCT_NAME = "$(TARGET_NAME)";
				PROVISIONING_PROFILE_SPECIFIER = "";
				SDKROOT = iphoneos;
				SWIFT_VERSION = 5.0;
			};
			name = Debug;
		};
		6BE164F12A3400010070A75C /* Release */ = {
			isa = XCBuildConfiguration;
			buildSettings = {
				ALWAYS_EMBED_SWIFT_STANDARD_LIBRARIES = YES;
				CODE_SIGN_IDENTITY = "Apple Development";
				CODE_SIGN_STYLE = Automatic;
				CURRENT_PROJECT_VERSION = 1;
				DEVELOPMENT_TEAM = CUF2WSA7V7;
				INFOPLIST_KEY_CFBundleDisplayName = "tiempo-poc";
				MARKETING_VERSION = 1.0;
				PRODUCT_BUNDLE_IDENTIFIER = "tiempo.tiempo-poc";
				PRODUCT_NAME = "$(TARGET_NAME)";
				PROVISIONING_PROFILE_SPECIFIER = "";
				SDKROOT = iphoneos;
				SWIFT_VERSION = 5.0;
				VALIDATE_PRODUCT = YES;
			};
			name = Release;
		};
/* End XCBuildConfiguration section */

/* Begin XCConfigurationList section */
		6BE164D22A3400000070A75C /* Build configuration list for PBXProject "tiempo-poc" */ = {
			isa = XCConfigurationList;
			buildConfigurations = (
				6BE164E92A3400010070A75C /* Debug */,
				6BE164EA2A3400010070A75C /* Release */,
			);
			defaultConfigurationIsVisible = 0;
			defaultConfigurationName = Release;
		};
		6BE164EB2A3400010070A75C /* Build configuration list for PBXNativeTarget "tiempo-poc Watch App" */ = {
			isa = XCConfigurationList;
			buildConfigurations = (
				6BE164EC2A3400010070A75C /* Debug */,
				6BE164ED2A3400010070A75C /* Release */,
			);
			defaultConfigurationIsVisible = 0;
			defaultConfigurationName = Release;
		};
		6BE164EF2A3400010070A75C /* Build configuration list for PBXNativeTarget "tiempo-poc" */ = {
			isa = XCConfigurationList;
			buildConfigurations = (
				6BE164F02A3400010070A75C /* Debug */,
				6BE164F12A3400010070A75C /* Release */,
			);
			defaultConfigurationIsVisible = 0;
			defaultConfigurationName = Release;
		};
/* End XCConfigurationList section */

/* Begin XCRemoteSwiftPackageReference section */
		6BB028072A34157200AC1711 /* XCRemoteSwiftPackageReference "ChartView" */ = {
			isa = XCRemoteSwiftPackageReference;
			repositoryURL = "https://github.com/AppPear/ChartView";
			requirement = {
				kind = upToNextMajorVersion;
				minimumVersion = 1.5.5;
			};
		};
/* End XCRemoteSwiftPackageReference section */

/* Begin XCSwiftPackageProductDependency section */
		6BB028082A34157200AC1711 /* SwiftUICharts */ = {
			isa = XCSwiftPackageProductDependency;
			package = 6BB028072A34157200AC1711 /* XCRemoteSwiftPackageReference "ChartView" */;
			productName = SwiftUICharts;
		};
/* End XCSwiftPackageProductDependency section */
	};
	rootObject = 6BE164CF2A3400000070A75C /* Project object */;
}
